
Microsoft Visual Studio Solution File, Format Version 12.00
# Visual Studio Version 17
VisualStudioVersion = 17.0.31903.59
MinimumVisualStudioVersion = 10.0.40219.1
Project("{2150E333-8FDC-42A3-9474-1A3956D46DE8}") = "src", "src", "{827E0CD3-B72D-47B6-A68D-7590B98EB39B}"
EndProject
Project("{FAE04EC0-301F-11D3-BF4B-00C04F79EFBC}") = "Sirocco.Application", "src\Sirocco.Application\Sirocco.Application.csproj", "{5120A30B-C071-48C0-A068-076E0B542DE9}"
EndProject
Project("{FAE04EC0-301F-11D3-BF4B-00C04F79EFBC}") = "Sirocco.Domain", "src\Sirocco.Domain\Sirocco.Domain.csproj", "{C0AFE975-A89C-4C7C-A7F2-3AA31FC1B643}"
EndProject
Project("{FAE04EC0-301F-11D3-BF4B-00C04F79EFBC}") = "Sirocco.Host", "src\Sirocco.Host\Sirocco.Host.csproj", "{1C1DE60E-B98C-4273-AC98-C08CFD02C977}"
EndProject
Project("{FAE04EC0-301F-11D3-BF4B-00C04F79EFBC}") = "Sirocco.Infrastructure", "src\Sirocco.Infrastructure\Sirocco.Infrastructure.csproj", "{EE317D0A-88E7-4F42-9006-4A1546B45EB3}"
EndProject
Project("{FAE04EC0-301F-11D3-BF4B-00C04F79EFBC}") = "Sirocco.Scenarios", "src\Sirocco.Scenarios\Sirocco.Scenarios.csproj", "{A6DAD31E-16EE-410C-989E-D06E752AA292}"
EndProject
Project("{2150E333-8FDC-42A3-9474-1A3956D46DE8}") = "tests", "tests", "{0AB3BF05-4346-4AA6-1389-037BE0695223}"
EndProject
Project("{FAE04EC0-301F-11D3-BF4B-00C04F79EFBC}") = "Sirocco.UnitTests", "tests\Sirocco.UnitTests\Sirocco.UnitTests.csproj", "{4EA0F84A-F2C1-4076-BF13-BE9B246A724F}"
EndProject
Project("{2150E333-8FDC-42A3-9474-1A3956D46DE8}") = "tools", "tools", "{07C2787E-EAC7-C090-1BA3-A61EC2A24D84}"
EndProject
Project("{FAE04EC0-301F-11D3-BF4B-00C04F79EFBC}") = "Sirocco.Probe", "tools\Sirocco.Probe\Sirocco.Probe.csproj", "{973C181E-C438-438F-A2F0-2925650EC8DC}"
EndProject
Project("{2150E333-8FDC-42A3-9474-1A3956D46DE8}") = "samples", "samples", "{5D20AA90-6969-D8BD-9DCD-8634F4692FDA}"
EndProject
Project("{FAE04EC0-301F-11D3-BF4B-00C04F79EFBC}") = "Sirocco.SampleTarget", "samples\Sirocco.SampleTarget\Sirocco.SampleTarget.csproj", "{3F9439D0-84A5-4D27-B7FD-3EA63C35001E}"
EndProject
Project("{FAE04EC0-301F-11D3-BF4B-00C04F79EFBC}") = "Sirocco.Compare", "tools\Sirocco.Compare\Sirocco.Compare.csproj", "{B0C7137D-6715-42CB-B384-2A391C7E8AF3}"
EndProject
Project("{FAE04EC0-301F-11D3-BF4B-00C04F79EFBC}") = "Sirocco.Cli", "src\Sirocco.Cli\Sirocco.Cli.csproj", "{04F0216D-5F74-4901-BB64-97C32A0AC035}"
EndProject
Project("{FAE04EC0-301F-11D3-BF4B-00C04F79EFBC}") = "Sirocco.HarConvert", "tools\Sirocco.HarConvert\Sirocco.HarConvert.csproj", "{CB88A51E-BE96-420B-B097-30D068784619}"
EndProject
Project("{FAE04EC0-301F-11D3-BF4B-00C04F79EFBC}") = "Sirocco.OpenApiConvert", "tools\Sirocco.OpenApiConvert\Sirocco.OpenApiConvert.csproj", "{00E1D55B-E45B-4D5D-A754-EEE18A07C7D6}"
EndProject
Project("{FAE04EC0-301F-11D3-BF4B-00C04F79EFBC}") = "Sirocco.PostmanConvert", "tools\Sirocco.PostmanConvert\Sirocco.PostmanConvert.csproj", "{6CA1CCC0-1EDE-4CCE-A76B-CAA7F49D85FE}"
EndProject
Project("{FAE04EC0-301F-11D3-BF4B-00C04F79EFBC}") = "Sirocco.RecorderProxy", "tools\Sirocco.RecorderProxy\Sirocco.RecorderProxy.csproj", "{B65D3324-C8CA-46B3-B1E7-E76A308BB5CE}"
EndProject
Project("{FAE04EC0-301F-11D3-BF4B-00C04F79EFBC}") = "Sirocco.SamplePlugin", "samples\Sirocco.SamplePlugin\Sirocco.SamplePlugin.csproj", "{01425434-581D-43FC-BC0F-F3FFEB3419BB}"
EndProject
Project("{2150E333-8FDC-42A3-9474-1A3956D46DE8}") = "extensions", "extensions", "{BE133D91-034E-1084-498B-FF24C4084A55}"
EndProject
Project("{FAE04EC0-301F-11D3-BF4B-00C04F79EFBC}") = "Sirocco.Extensions.Sql", "extensions\Sirocco.Extensions.Sql\Sirocco.Extensions.Sql.csproj", "{37A31517-B6B4-4DC4-A7E7-CB4FF57DAB59}"
EndProject
Project("{FAE04EC0-301F-11D3-BF4B-00C04F79EFBC}") = "Sirocco.Extensions.Sse", "extensions\Sirocco.Extensions.Sse\Sirocco.Extensions.Sse.csproj", "{8F2C4A1D-9B3E-4F6A-8D2C-1E5F7A9B3C6D}"
EndProject
Project("{FAE04EC0-301F-11D3-BF4B-00C04F79EFBC}") = "Sirocco.Extensions.Mqtt", "extensions\Sirocco.Extensions.Mqtt\Sirocco.Extensions.Mqtt.csproj", "{2B7E5F91-4C3A-4D8E-9A1B-6F2D8C0E5A47}"
EndProject
Project("{FAE04EC0-301F-11D3-BF4B-00C04F79EFBC}") = "Sirocco.Extensions.GraphQl", "extensions\Sirocco.Extensions.GraphQl\Sirocco.Extensions.GraphQl.csproj", "{5D8A1C63-7E2F-4B9D-A3C5-9F1E4B6D2A80}"
EndProject
Project("{FAE04EC0-301F-11D3-BF4B-00C04F79EFBC}") = "Sirocco.Operator", "src\Sirocco.Operator\Sirocco.Operator.csproj", "{A71EE222-E0D1-43CC-8478-767948AD4B89}"
EndProject
Project("{FAE04EC0-301F-11D3-BF4B-00C04F79EFBC}") = "Sirocco.ExtensionIndex", "tools\Sirocco.ExtensionIndex\Sirocco.ExtensionIndex.csproj", "{38D394F3-CAFC-4956-8564-93B50682815E}"
EndProject
Global
	GlobalSection(SolutionConfigurationPlatforms) = preSolution
		Debug|Any CPU = Debug|Any CPU
		Debug|x64 = Debug|x64
		Debug|x86 = Debug|x86
		Release|Any CPU = Release|Any CPU
		Release|x64 = Release|x64
		Release|x86 = Release|x86
	EndGlobalSection
	GlobalSection(ProjectConfigurationPlatforms) = postSolution
		{5120A30B-C071-48C0-A068-076E0B542DE9}.Debug|Any CPU.ActiveCfg = Debug|Any CPU
		{5120A30B-C071-48C0-A068-076E0B542DE9}.Debug|Any CPU.Build.0 = Debug|Any CPU
		{5120A30B-C071-48C0-A068-076E0B542DE9}.Debug|x64.ActiveCfg = Debug|Any CPU
		{5120A30B-C071-48C0-A068-076E0B542DE9}.Debug|x64.Build.0 = Debug|Any CPU
		{5120A30B-C071-48C0-A068-076E0B542DE9}.Debug|x86.ActiveCfg = Debug|Any CPU
		{5120A30B-C071-48C0-A068-076E0B542DE9}.Debug|x86.Build.0 = Debug|Any CPU
		{5120A30B-C071-48C0-A068-076E0B542DE9}.Release|Any CPU.ActiveCfg = Release|Any CPU
		{5120A30B-C071-48C0-A068-076E0B542DE9}.Release|Any CPU.Build.0 = Release|Any CPU
		{5120A30B-C071-48C0-A068-076E0B542DE9}.Release|x64.ActiveCfg = Release|Any CPU
		{5120A30B-C071-48C0-A068-076E0B542DE9}.Release|x64.Build.0 = Release|Any CPU
		{5120A30B-C071-48C0-A068-076E0B542DE9}.Release|x86.ActiveCfg = Release|Any CPU
		{5120A30B-C071-48C0-A068-076E0B542DE9}.Release|x86.Build.0 = Release|Any CPU
		{C0AFE975-A89C-4C7C-A7F2-3AA31FC1B643}.Debug|Any CPU.ActiveCfg = Debug|Any CPU
		{C0AFE975-A89C-4C7C-A7F2-3AA31FC1B643}.Debug|Any CPU.Build.0 = Debug|Any CPU
		{C0AFE975-A89C-4C7C-A7F2-3AA31FC1B643}.Debug|x64.ActiveCfg = Debug|Any CPU
		{C0AFE975-A89C-4C7C-A7F2-3AA31FC1B643}.Debug|x64.Build.0 = Debug|Any CPU
		{C0AFE975-A89C-4C7C-A7F2-3AA31FC1B643}.Debug|x86.ActiveCfg = Debug|Any CPU
		{C0AFE975-A89C-4C7C-A7F2-3AA31FC1B643}.Debug|x86.Build.0 = Debug|Any CPU
		{C0AFE975-A89C-4C7C-A7F2-3AA31FC1B643}.Release|Any CPU.ActiveCfg = Release|Any CPU
		{C0AFE975-A89C-4C7C-A7F2-3AA31FC1B643}.Release|Any CPU.Build.0 = Release|Any CPU
		{C0AFE975-A89C-4C7C-A7F2-3AA31FC1B643}.Release|x64.ActiveCfg = Release|Any CPU
		{C0AFE975-A89C-4C7C-A7F2-3AA31FC1B643}.Release|x64.Build.0 = Release|Any CPU
		{C0AFE975-A89C-4C7C-A7F2-3AA31FC1B643}.Release|x86.ActiveCfg = Release|Any CPU
		{C0AFE975-A89C-4C7C-A7F2-3AA31FC1B643}.Release|x86.Build.0 = Release|Any CPU
		{1C1DE60E-B98C-4273-AC98-C08CFD02C977}.Debug|Any CPU.ActiveCfg = Debug|Any CPU
		{1C1DE60E-B98C-4273-AC98-C08CFD02C977}.Debug|Any CPU.Build.0 = Debug|Any CPU
		{1C1DE60E-B98C-4273-AC98-C08CFD02C977}.Debug|x64.ActiveCfg = Debug|Any CPU
		{1C1DE60E-B98C-4273-AC98-C08CFD02C977}.Debug|x64.Build.0 = Debug|Any CPU
		{1C1DE60E-B98C-4273-AC98-C08CFD02C977}.Debug|x86.ActiveCfg = Debug|Any CPU
		{1C1DE60E-B98C-4273-AC98-C08CFD02C977}.Debug|x86.Build.0 = Debug|Any CPU
		{1C1DE60E-B98C-4273-AC98-C08CFD02C977}.Release|Any CPU.ActiveCfg = Release|Any CPU
		{1C1DE60E-B98C-4273-AC98-C08CFD02C977}.Release|Any CPU.Build.0 = Release|Any CPU
		{1C1DE60E-B98C-4273-AC98-C08CFD02C977}.Release|x64.ActiveCfg = Release|Any CPU
		{1C1DE60E-B98C-4273-AC98-C08CFD02C977}.Release|x64.Build.0 = Release|Any CPU
		{1C1DE60E-B98C-4273-AC98-C08CFD02C977}.Release|x86.ActiveCfg = Release|Any CPU
		{1C1DE60E-B98C-4273-AC98-C08CFD02C977}.Release|x86.Build.0 = Release|Any CPU
		{EE317D0A-88E7-4F42-9006-4A1546B45EB3}.Debug|Any CPU.ActiveCfg = Debug|Any CPU
		{EE317D0A-88E7-4F42-9006-4A1546B45EB3}.Debug|Any CPU.Build.0 = Debug|Any CPU
		{EE317D0A-88E7-4F42-9006-4A1546B45EB3}.Debug|x64.ActiveCfg = Debug|Any CPU
		{EE317D0A-88E7-4F42-9006-4A1546B45EB3}.Debug|x64.Build.0 = Debug|Any CPU
		{EE317D0A-88E7-4F42-9006-4A1546B45EB3}.Debug|x86.ActiveCfg = Debug|Any CPU
		{EE317D0A-88E7-4F42-9006-4A1546B45EB3}.Debug|x86.Build.0 = Debug|Any CPU
		{EE317D0A-88E7-4F42-9006-4A1546B45EB3}.Release|Any CPU.ActiveCfg = Release|Any CPU
		{EE317D0A-88E7-4F42-9006-4A1546B45EB3}.Release|Any CPU.Build.0 = Release|Any CPU
		{EE317D0A-88E7-4F42-9006-4A1546B45EB3}.Release|x64.ActiveCfg = Release|Any CPU
		{EE317D0A-88E7-4F42-9006-4A1546B45EB3}.Release|x64.Build.0 = Release|Any CPU
		{EE317D0A-88E7-4F42-9006-4A1546B45EB3}.Release|x86.ActiveCfg = Release|Any CPU
		{EE317D0A-88E7-4F42-9006-4A1546B45EB3}.Release|x86.Build.0 = Release|Any CPU
		{A6DAD31E-16EE-410C-989E-D06E752AA292}.Debug|Any CPU.ActiveCfg = Debug|Any CPU
		{A6DAD31E-16EE-410C-989E-D06E752AA292}.Debug|Any CPU.Build.0 = Debug|Any CPU
		{A6DAD31E-16EE-410C-989E-D06E752AA292}.Debug|x64.ActiveCfg = Debug|Any CPU
		{A6DAD31E-16EE-410C-989E-D06E752AA292}.Debug|x64.Build.0 = Debug|Any CPU
		{A6DAD31E-16EE-410C-989E-D06E752AA292}.Debug|x86.ActiveCfg = Debug|Any CPU
		{A6DAD31E-16EE-410C-989E-D06E752AA292}.Debug|x86.Build.0 = Debug|Any CPU
		{A6DAD31E-16EE-410C-989E-D06E752AA292}.Release|Any CPU.ActiveCfg = Release|Any CPU
		{A6DAD31E-16EE-410C-989E-D06E752AA292}.Release|Any CPU.Build.0 = Release|Any CPU
		{A6DAD31E-16EE-410C-989E-D06E752AA292}.Release|x64.ActiveCfg = Release|Any CPU
		{A6DAD31E-16EE-410C-989E-D06E752AA292}.Release|x64.Build.0 = Release|Any CPU
		{A6DAD31E-16EE-410C-989E-D06E752AA292}.Release|x86.ActiveCfg = Release|Any CPU
		{A6DAD31E-16EE-410C-989E-D06E752AA292}.Release|x86.Build.0 = Release|Any CPU
		{4EA0F84A-F2C1-4076-BF13-BE9B246A724F}.Debug|Any CPU.ActiveCfg = Debug|Any CPU
		{4EA0F84A-F2C1-4076-BF13-BE9B246A724F}.Debug|Any CPU.Build.0 = Debug|Any CPU
		{4EA0F84A-F2C1-4076-BF13-BE9B246A724F}.Debug|x64.ActiveCfg = Debug|Any CPU
		{4EA0F84A-F2C1-4076-BF13-BE9B246A724F}.Debug|x64.Build.0 = Debug|Any CPU
		{4EA0F84A-F2C1-4076-BF13-BE9B246A724F}.Debug|x86.ActiveCfg = Debug|Any CPU
		{4EA0F84A-F2C1-4076-BF13-BE9B246A724F}.Debug|x86.Build.0 = Debug|Any CPU
		{4EA0F84A-F2C1-4076-BF13-BE9B246A724F}.Release|Any CPU.ActiveCfg = Release|Any CPU
		{4EA0F84A-F2C1-4076-BF13-BE9B246A724F}.Release|Any CPU.Build.0 = Release|Any CPU
		{4EA0F84A-F2C1-4076-BF13-BE9B246A724F}.Release|x64.ActiveCfg = Release|Any CPU
		{4EA0F84A-F2C1-4076-BF13-BE9B246A724F}.Release|x64.Build.0 = Release|Any CPU
		{4EA0F84A-F2C1-4076-BF13-BE9B246A724F}.Release|x86.ActiveCfg = Release|Any CPU
		{4EA0F84A-F2C1-4076-BF13-BE9B246A724F}.Release|x86.Build.0 = Release|Any CPU
		{973C181E-C438-438F-A2F0-2925650EC8DC}.Debug|Any CPU.ActiveCfg = Debug|Any CPU
		{973C181E-C438-438F-A2F0-2925650EC8DC}.Debug|Any CPU.Build.0 = Debug|Any CPU
		{973C181E-C438-438F-A2F0-2925650EC8DC}.Debug|x64.ActiveCfg = Debug|Any CPU
		{973C181E-C438-438F-A2F0-2925650EC8DC}.Debug|x64.Build.0 = Debug|Any CPU
		{973C181E-C438-438F-A2F0-2925650EC8DC}.Debug|x86.ActiveCfg = Debug|Any CPU
		{973C181E-C438-438F-A2F0-2925650EC8DC}.Debug|x86.Build.0 = Debug|Any CPU
		{973C181E-C438-438F-A2F0-2925650EC8DC}.Release|Any CPU.ActiveCfg = Release|Any CPU
		{973C181E-C438-438F-A2F0-2925650EC8DC}.Release|Any CPU.Build.0 = Release|Any CPU
		{973C181E-C438-438F-A2F0-2925650EC8DC}.Release|x64.ActiveCfg = Release|Any CPU
		{973C181E-C438-438F-A2F0-2925650EC8DC}.Release|x64.Build.0 = Release|Any CPU
		{973C181E-C438-438F-A2F0-2925650EC8DC}.Release|x86.ActiveCfg = Release|Any CPU
		{973C181E-C438-438F-A2F0-2925650EC8DC}.Release|x86.Build.0 = Release|Any CPU
		{3F9439D0-84A5-4D27-B7FD-3EA63C35001E}.Debug|Any CPU.ActiveCfg = Debug|Any CPU
		{3F9439D0-84A5-4D27-B7FD-3EA63C35001E}.Debug|Any CPU.Build.0 = Debug|Any CPU
		{3F9439D0-84A5-4D27-B7FD-3EA63C35001E}.Debug|x64.ActiveCfg = Debug|Any CPU
		{3F9439D0-84A5-4D27-B7FD-3EA63C35001E}.Debug|x64.Build.0 = Debug|Any CPU
		{3F9439D0-84A5-4D27-B7FD-3EA63C35001E}.Debug|x86.ActiveCfg = Debug|Any CPU
		{3F9439D0-84A5-4D27-B7FD-3EA63C35001E}.Debug|x86.Build.0 = Debug|Any CPU
		{3F9439D0-84A5-4D27-B7FD-3EA63C35001E}.Release|Any CPU.ActiveCfg = Release|Any CPU
		{3F9439D0-84A5-4D27-B7FD-3EA63C35001E}.Release|Any CPU.Build.0 = Release|Any CPU
		{3F9439D0-84A5-4D27-B7FD-3EA63C35001E}.Release|x64.ActiveCfg = Release|Any CPU
		{3F9439D0-84A5-4D27-B7FD-3EA63C35001E}.Release|x64.Build.0 = Release|Any CPU
		{3F9439D0-84A5-4D27-B7FD-3EA63C35001E}.Release|x86.ActiveCfg = Release|Any CPU
		{3F9439D0-84A5-4D27-B7FD-3EA63C35001E}.Release|x86.Build.0 = Release|Any CPU
		{B0C7137D-6715-42CB-B384-2A391C7E8AF3}.Debug|Any CPU.ActiveCfg = Debug|Any CPU
		{B0C7137D-6715-42CB-B384-2A391C7E8AF3}.Debug|Any CPU.Build.0 = Debug|Any CPU
		{B0C7137D-6715-42CB-B384-2A391C7E8AF3}.Debug|x64.ActiveCfg = Debug|Any CPU
		{B0C7137D-6715-42CB-B384-2A391C7E8AF3}.Debug|x64.Build.0 = Debug|Any CPU
		{B0C7137D-6715-42CB-B384-2A391C7E8AF3}.Debug|x86.ActiveCfg = Debug|Any CPU
		{B0C7137D-6715-42CB-B384-2A391C7E8AF3}.Debug|x86.Build.0 = Debug|Any CPU
		{B0C7137D-6715-42CB-B384-2A391C7E8AF3}.Release|Any CPU.ActiveCfg = Release|Any CPU
		{B0C7137D-6715-42CB-B384-2A391C7E8AF3}.Release|Any CPU.Build.0 = Release|Any CPU
		{B0C7137D-6715-42CB-B384-2A391C7E8AF3}.Release|x64.ActiveCfg = Release|Any CPU
		{B0C7137D-6715-42CB-B384-2A391C7E8AF3}.Release|x64.Build.0 = Release|Any CPU
		{B0C7137D-6715-42CB-B384-2A391C7E8AF3}.Release|x86.ActiveCfg = Release|Any CPU
		{B0C7137D-6715-42CB-B384-2A391C7E8AF3}.Release|x86.Build.0 = Release|Any CPU
		{04F0216D-5F74-4901-BB64-97C32A0AC035}.Debug|Any CPU.ActiveCfg = Debug|Any CPU
		{04F0216D-5F74-4901-BB64-97C32A0AC035}.Debug|Any CPU.Build.0 = Debug|Any CPU
		{04F0216D-5F74-4901-BB64-97C32A0AC035}.Debug|x64.ActiveCfg = Debug|Any CPU
		{04F0216D-5F74-4901-BB64-97C32A0AC035}.Debug|x64.Build.0 = Debug|Any CPU
		{04F0216D-5F74-4901-BB64-97C32A0AC035}.Debug|x86.ActiveCfg = Debug|Any CPU
		{04F0216D-5F74-4901-BB64-97C32A0AC035}.Debug|x86.Build.0 = Debug|Any CPU
		{04F0216D-5F74-4901-BB64-97C32A0AC035}.Release|Any CPU.ActiveCfg = Release|Any CPU
		{04F0216D-5F74-4901-BB64-97C32A0AC035}.Release|Any CPU.Build.0 = Release|Any CPU
		{04F0216D-5F74-4901-BB64-97C32A0AC035}.Release|x64.ActiveCfg = Release|Any CPU
		{04F0216D-5F74-4901-BB64-97C32A0AC035}.Release|x64.Build.0 = Release|Any CPU
		{04F0216D-5F74-4901-BB64-97C32A0AC035}.Release|x86.ActiveCfg = Release|Any CPU
		{04F0216D-5F74-4901-BB64-97C32A0AC035}.Release|x86.Build.0 = Release|Any CPU
		{CB88A51E-BE96-420B-B097-30D068784619}.Debug|Any CPU.ActiveCfg = Debug|Any CPU
		{CB88A51E-BE96-420B-B097-30D068784619}.Debug|Any CPU.Build.0 = Debug|Any CPU
		{CB88A51E-BE96-420B-B097-30D068784619}.Debug|x64.ActiveCfg = Debug|Any CPU
		{CB88A51E-BE96-420B-B097-30D068784619}.Debug|x64.Build.0 = Debug|Any CPU
		{CB88A51E-BE96-420B-B097-30D068784619}.Debug|x86.ActiveCfg = Debug|Any CPU
		{CB88A51E-BE96-420B-B097-30D068784619}.Debug|x86.Build.0 = Debug|Any CPU
		{CB88A51E-BE96-420B-B097-30D068784619}.Release|Any CPU.ActiveCfg = Release|Any CPU
		{CB88A51E-BE96-420B-B097-30D068784619}.Release|Any CPU.Build.0 = Release|Any CPU
		{CB88A51E-BE96-420B-B097-30D068784619}.Release|x64.ActiveCfg = Release|Any CPU
		{CB88A51E-BE96-420B-B097-30D068784619}.Release|x64.Build.0 = Release|Any CPU
		{CB88A51E-BE96-420B-B097-30D068784619}.Release|x86.ActiveCfg = Release|Any CPU
		{CB88A51E-BE96-420B-B097-30D068784619}.Release|x86.Build.0 = Release|Any CPU
		{00E1D55B-E45B-4D5D-A754-EEE18A07C7D6}.Debug|Any CPU.ActiveCfg = Debug|Any CPU
		{00E1D55B-E45B-4D5D-A754-EEE18A07C7D6}.Debug|Any CPU.Build.0 = Debug|Any CPU
		{00E1D55B-E45B-4D5D-A754-EEE18A07C7D6}.Debug|x64.ActiveCfg = Debug|Any CPU
		{00E1D55B-E45B-4D5D-A754-EEE18A07C7D6}.Debug|x64.Build.0 = Debug|Any CPU
		{00E1D55B-E45B-4D5D-A754-EEE18A07C7D6}.Debug|x86.ActiveCfg = Debug|Any CPU
		{00E1D55B-E45B-4D5D-A754-EEE18A07C7D6}.Debug|x86.Build.0 = Debug|Any CPU
		{00E1D55B-E45B-4D5D-A754-EEE18A07C7D6}.Release|Any CPU.ActiveCfg = Release|Any CPU
		{00E1D55B-E45B-4D5D-A754-EEE18A07C7D6}.Release|Any CPU.Build.0 = Release|Any CPU
		{00E1D55B-E45B-4D5D-A754-EEE18A07C7D6}.Release|x64.ActiveCfg = Release|Any CPU
		{00E1D55B-E45B-4D5D-A754-EEE18A07C7D6}.Release|x64.Build.0 = Release|Any CPU
		{00E1D55B-E45B-4D5D-A754-EEE18A07C7D6}.Release|x86.ActiveCfg = Release|Any CPU
		{00E1D55B-E45B-4D5D-A754-EEE18A07C7D6}.Release|x86.Build.0 = Release|Any CPU
		{6CA1CCC0-1EDE-4CCE-A76B-CAA7F49D85FE}.Debug|Any CPU.ActiveCfg = Debug|Any CPU
		{6CA1CCC0-1EDE-4CCE-A76B-CAA7F49D85FE}.Debug|Any CPU.Build.0 = Debug|Any CPU
		{6CA1CCC0-1EDE-4CCE-A76B-CAA7F49D85FE}.Debug|x64.ActiveCfg = Debug|Any CPU
		{6CA1CCC0-1EDE-4CCE-A76B-CAA7F49D85FE}.Debug|x64.Build.0 = Debug|Any CPU
		{6CA1CCC0-1EDE-4CCE-A76B-CAA7F49D85FE}.Debug|x86.ActiveCfg = Debug|Any CPU
		{6CA1CCC0-1EDE-4CCE-A76B-CAA7F49D85FE}.Debug|x86.Build.0 = Debug|Any CPU
		{6CA1CCC0-1EDE-4CCE-A76B-CAA7F49D85FE}.Release|Any CPU.ActiveCfg = Release|Any CPU
		{6CA1CCC0-1EDE-4CCE-A76B-CAA7F49D85FE}.Release|Any CPU.Build.0 = Release|Any CPU
		{6CA1CCC0-1EDE-4CCE-A76B-CAA7F49D85FE}.Release|x64.ActiveCfg = Release|Any CPU
		{6CA1CCC0-1EDE-4CCE-A76B-CAA7F49D85FE}.Release|x64.Build.0 = Release|Any CPU
		{6CA1CCC0-1EDE-4CCE-A76B-CAA7F49D85FE}.Release|x86.ActiveCfg = Release|Any CPU
		{6CA1CCC0-1EDE-4CCE-A76B-CAA7F49D85FE}.Release|x86.Build.0 = Release|Any CPU
		{B65D3324-C8CA-46B3-B1E7-E76A308BB5CE}.Debug|Any CPU.ActiveCfg = Debug|Any CPU
		{B65D3324-C8CA-46B3-B1E7-E76A308BB5CE}.Debug|Any CPU.Build.0 = Debug|Any CPU
		{B65D3324-C8CA-46B3-B1E7-E76A308BB5CE}.Debug|x64.ActiveCfg = Debug|Any CPU
		{B65D3324-C8CA-46B3-B1E7-E76A308BB5CE}.Debug|x64.Build.0 = Debug|Any CPU
		{B65D3324-C8CA-46B3-B1E7-E76A308BB5CE}.Debug|x86.ActiveCfg = Debug|Any CPU
		{B65D3324-C8CA-46B3-B1E7-E76A308BB5CE}.Debug|x86.Build.0 = Debug|Any CPU
		{B65D3324-C8CA-46B3-B1E7-E76A308BB5CE}.Release|Any CPU.ActiveCfg = Release|Any CPU
		{B65D3324-C8CA-46B3-B1E7-E76A308BB5CE}.Release|Any CPU.Build.0 = Release|Any CPU
		{B65D3324-C8CA-46B3-B1E7-E76A308BB5CE}.Release|x64.ActiveCfg = Release|Any CPU
		{B65D3324-C8CA-46B3-B1E7-E76A308BB5CE}.Release|x64.Build.0 = Release|Any CPU
		{B65D3324-C8CA-46B3-B1E7-E76A308BB5CE}.Release|x86.ActiveCfg = Release|Any CPU
		{B65D3324-C8CA-46B3-B1E7-E76A308BB5CE}.Release|x86.Build.0 = Release|Any CPU
		{01425434-581D-43FC-BC0F-F3FFEB3419BB}.Debug|Any CPU.ActiveCfg = Debug|Any CPU
		{01425434-581D-43FC-BC0F-F3FFEB3419BB}.Debug|Any CPU.Build.0 = Debug|Any CPU
		{01425434-581D-43FC-BC0F-F3FFEB3419BB}.Debug|x64.ActiveCfg = Debug|Any CPU
		{01425434-581D-43FC-BC0F-F3FFEB3419BB}.Debug|x64.Build.0 = Debug|Any CPU
		{01425434-581D-43FC-BC0F-F3FFEB3419BB}.Debug|x86.ActiveCfg = Debug|Any CPU
		{01425434-581D-43FC-BC0F-F3FFEB3419BB}.Debug|x86.Build.0 = Debug|Any CPU
		{01425434-581D-43FC-BC0F-F3FFEB3419BB}.Release|Any CPU.ActiveCfg = Release|Any CPU
		{01425434-581D-43FC-BC0F-F3FFEB3419BB}.Release|Any CPU.Build.0 = Release|Any CPU
		{01425434-581D-43FC-BC0F-F3FFEB3419BB}.Release|x64.ActiveCfg = Release|Any CPU
		{01425434-581D-43FC-BC0F-F3FFEB3419BB}.Release|x64.Build.0 = Release|Any CPU
		{01425434-581D-43FC-BC0F-F3FFEB3419BB}.Release|x86.ActiveCfg = Release|Any CPU
		{01425434-581D-43FC-BC0F-F3FFEB3419BB}.Release|x86.Build.0 = Release|Any CPU
		{37A31517-B6B4-4DC4-A7E7-CB4FF57DAB59}.Debug|Any CPU.ActiveCfg = Debug|Any CPU
		{37A31517-B6B4-4DC4-A7E7-CB4FF57DAB59}.Debug|Any CPU.Build.0 = Debug|Any CPU
		{37A31517-B6B4-4DC4-A7E7-CB4FF57DAB59}.Debug|x64.ActiveCfg = Debug|Any CPU
		{37A31517-B6B4-4DC4-A7E7-CB4FF57DAB59}.Debug|x64.Build.0 = Debug|Any CPU
		{37A31517-B6B4-4DC4-A7E7-CB4FF57DAB59}.Debug|x86.ActiveCfg = Debug|Any CPU
		{37A31517-B6B4-4DC4-A7E7-CB4FF57DAB59}.Debug|x86.Build.0 = Debug|Any CPU
		{37A31517-B6B4-4DC4-A7E7-CB4FF57DAB59}.Release|Any CPU.ActiveCfg = Release|Any CPU
		{37A31517-B6B4-4DC4-A7E7-CB4FF57DAB59}.Release|Any CPU.Build.0 = Release|Any CPU
		{37A31517-B6B4-4DC4-A7E7-CB4FF57DAB59}.Release|x64.ActiveCfg = Release|Any CPU
		{37A31517-B6B4-4DC4-A7E7-CB4FF57DAB59}.Release|x64.Build.0 = Release|Any CPU
		{37A31517-B6B4-4DC4-A7E7-CB4FF57DAB59}.Release|x86.ActiveCfg = Release|Any CPU
		{37A31517-B6B4-4DC4-A7E7-CB4FF57DAB59}.Release|x86.Build.0 = Release|Any CPU
		{8F2C4A1D-9B3E-4F6A-8D2C-1E5F7A9B3C6D}.Debug|Any CPU.ActiveCfg = Debug|Any CPU
		{8F2C4A1D-9B3E-4F6A-8D2C-1E5F7A9B3C6D}.Debug|Any CPU.Build.0 = Debug|Any CPU
		{8F2C4A1D-9B3E-4F6A-8D2C-1E5F7A9B3C6D}.Debug|x64.ActiveCfg = Debug|Any CPU
		{8F2C4A1D-9B3E-4F6A-8D2C-1E5F7A9B3C6D}.Debug|x64.Build.0 = Debug|Any CPU
		{8F2C4A1D-9B3E-4F6A-8D2C-1E5F7A9B3C6D}.Debug|x86.ActiveCfg = Debug|Any CPU
		{8F2C4A1D-9B3E-4F6A-8D2C-1E5F7A9B3C6D}.Debug|x86.Build.0 = Debug|Any CPU
		{8F2C4A1D-9B3E-4F6A-8D2C-1E5F7A9B3C6D}.Release|Any CPU.ActiveCfg = Release|Any CPU
		{8F2C4A1D-9B3E-4F6A-8D2C-1E5F7A9B3C6D}.Release|Any CPU.Build.0 = Release|Any CPU
		{8F2C4A1D-9B3E-4F6A-8D2C-1E5F7A9B3C6D}.Release|x64.ActiveCfg = Release|Any CPU
		{8F2C4A1D-9B3E-4F6A-8D2C-1E5F7A9B3C6D}.Release|x64.Build.0 = Release|Any CPU
		{8F2C4A1D-9B3E-4F6A-8D2C-1E5F7A9B3C6D}.Release|x86.ActiveCfg = Release|Any CPU
		{8F2C4A1D-9B3E-4F6A-8D2C-1E5F7A9B3C6D}.Release|x86.Build.0 = Release|Any CPU
		{2B7E5F91-4C3A-4D8E-9A1B-6F2D8C0E5A47}.Debug|Any CPU.ActiveCfg = Debug|Any CPU
		{2B7E5F91-4C3A-4D8E-9A1B-6F2D8C0E5A47}.Debug|Any CPU.Build.0 = Debug|Any CPU
		{2B7E5F91-4C3A-4D8E-9A1B-6F2D8C0E5A47}.Debug|x64.ActiveCfg = Debug|Any CPU
		{2B7E5F91-4C3A-4D8E-9A1B-6F2D8C0E5A47}.Debug|x64.Build.0 = Debug|Any CPU
		{2B7E5F91-4C3A-4D8E-9A1B-6F2D8C0E5A47}.Debug|x86.ActiveCfg = Debug|Any CPU
		{2B7E5F91-4C3A-4D8E-9A1B-6F2D8C0E5A47}.Debug|x86.Build.0 = Debug|Any CPU
		{2B7E5F91-4C3A-4D8E-9A1B-6F2D8C0E5A47}.Release|Any CPU.ActiveCfg = Release|Any CPU
		{2B7E5F91-4C3A-4D8E-9A1B-6F2D8C0E5A47}.Release|Any CPU.Build.0 = Release|Any CPU
		{2B7E5F91-4C3A-4D8E-9A1B-6F2D8C0E5A47}.Release|x64.ActiveCfg = Release|Any CPU
		{2B7E5F91-4C3A-4D8E-9A1B-6F2D8C0E5A47}.Release|x64.Build.0 = Release|Any CPU
		{2B7E5F91-4C3A-4D8E-9A1B-6F2D8C0E5A47}.Release|x86.ActiveCfg = Release|Any CPU
		{2B7E5F91-4C3A-4D8E-9A1B-6F2D8C0E5A47}.Release|x86.Build.0 = Release|Any CPU
		{5D8A1C63-7E2F-4B9D-A3C5-9F1E4B6D2A80}.Debug|Any CPU.ActiveCfg = Debug|Any CPU
		{5D8A1C63-7E2F-4B9D-A3C5-9F1E4B6D2A80}.Debug|Any CPU.Build.0 = Debug|Any CPU
		{5D8A1C63-7E2F-4B9D-A3C5-9F1E4B6D2A80}.Debug|x64.ActiveCfg = Debug|Any CPU
		{5D8A1C63-7E2F-4B9D-A3C5-9F1E4B6D2A80}.Debug|x64.Build.0 = Debug|Any CPU
		{5D8A1C63-7E2F-4B9D-A3C5-9F1E4B6D2A80}.Debug|x86.ActiveCfg = Debug|Any CPU
		{5D8A1C63-7E2F-4B9D-A3C5-9F1E4B6D2A80}.Debug|x86.Build.0 = Debug|Any CPU
		{5D8A1C63-7E2F-4B9D-A3C5-9F1E4B6D2A80}.Release|Any CPU.ActiveCfg = Release|Any CPU
		{5D8A1C63-7E2F-4B9D-A3C5-9F1E4B6D2A80}.Release|Any CPU.Build.0 = Release|Any CPU
		{5D8A1C63-7E2F-4B9D-A3C5-9F1E4B6D2A80}.Release|x64.ActiveCfg = Release|Any CPU
		{5D8A1C63-7E2F-4B9D-A3C5-9F1E4B6D2A80}.Release|x64.Build.0 = Release|Any CPU
		{5D8A1C63-7E2F-4B9D-A3C5-9F1E4B6D2A80}.Release|x86.ActiveCfg = Release|Any CPU
		{5D8A1C63-7E2F-4B9D-A3C5-9F1E4B6D2A80}.Release|x86.Build.0 = Release|Any CPU
		{A71EE222-E0D1-43CC-8478-767948AD4B89}.Debug|Any CPU.ActiveCfg = Debug|Any CPU
		{A71EE222-E0D1-43CC-8478-767948AD4B89}.Debug|Any CPU.Build.0 = Debug|Any CPU
		{A71EE222-E0D1-43CC-8478-767948AD4B89}.Debug|x64.ActiveCfg = Debug|Any CPU
		{A71EE222-E0D1-43CC-8478-767948AD4B89}.Debug|x64.Build.0 = Debug|Any CPU
		{A71EE222-E0D1-43CC-8478-767948AD4B89}.Debug|x86.ActiveCfg = Debug|Any CPU
		{A71EE222-E0D1-43CC-8478-767948AD4B89}.Debug|x86.Build.0 = Debug|Any CPU
		{A71EE222-E0D1-43CC-8478-767948AD4B89}.Release|Any CPU.ActiveCfg = Release|Any CPU
		{A71EE222-E0D1-43CC-8478-767948AD4B89}.Release|Any CPU.Build.0 = Release|Any CPU
		{A71EE222-E0D1-43CC-8478-767948AD4B89}.Release|x64.ActiveCfg = Release|Any CPU
		{A71EE222-E0D1-43CC-8478-767948AD4B89}.Release|x64.Build.0 = Release|Any CPU
		{A71EE222-E0D1-43CC-8478-767948AD4B89}.Release|x86.ActiveCfg = Release|Any CPU
		{A71EE222-E0D1-43CC-8478-767948AD4B89}.Release|x86.Build.0 = Release|Any CPU
		{38D394F3-CAFC-4956-8564-93B50682815E}.Debug|Any CPU.ActiveCfg = Debug|Any CPU
		{38D394F3-CAFC-4956-8564-93B50682815E}.Debug|Any CPU.Build.0 = Debug|Any CPU
		{38D394F3-CAFC-4956-8564-93B50682815E}.Debug|x64.ActiveCfg = Debug|Any CPU
		{38D394F3-CAFC-4956-8564-93B50682815E}.Debug|x64.Build.0 = Debug|Any CPU
		{38D394F3-CAFC-4956-8564-93B50682815E}.Debug|x86.ActiveCfg = Debug|Any CPU
		{38D394F3-CAFC-4956-8564-93B50682815E}.Debug|x86.Build.0 = Debug|Any CPU
		{38D394F3-CAFC-4956-8564-93B50682815E}.Release|Any CPU.ActiveCfg = Release|Any CPU
		{38D394F3-CAFC-4956-8564-93B50682815E}.Release|Any CPU.Build.0 = Release|Any CPU
		{38D394F3-CAFC-4956-8564-93B50682815E}.Release|x64.ActiveCfg = Release|Any CPU
		{38D394F3-CAFC-4956-8564-93B50682815E}.Release|x64.Build.0 = Release|Any CPU
		{38D394F3-CAFC-4956-8564-93B50682815E}.Release|x86.ActiveCfg = Release|Any CPU
		{38D394F3-CAFC-4956-8564-93B50682815E}.Release|x86.Build.0 = Release|Any CPU
	EndGlobalSection
	GlobalSection(SolutionProperties) = preSolution
		HideSolutionNode = FALSE
	EndGlobalSection
	GlobalSection(NestedProjects) = preSolution
		{5120A30B-C071-48C0-A068-076E0B542DE9} = {827E0CD3-B72D-47B6-A68D-7590B98EB39B}
		{C0AFE975-A89C-4C7C-A7F2-3AA31FC1B643} = {827E0CD3-B72D-47B6-A68D-7590B98EB39B}
		{1C1DE60E-B98C-4273-AC98-C08CFD02C977} = {827E0CD3-B72D-47B6-A68D-7590B98EB39B}
		{EE317D0A-88E7-4F42-9006-4A1546B45EB3} = {827E0CD3-B72D-47B6-A68D-7590B98EB39B}
		{A6DAD31E-16EE-410C-989E-D06E752AA292} = {827E0CD3-B72D-47B6-A68D-7590B98EB39B}
		{4EA0F84A-F2C1-4076-BF13-BE9B246A724F} = {0AB3BF05-4346-4AA6-1389-037BE0695223}
		{973C181E-C438-438F-A2F0-2925650EC8DC} = {07C2787E-EAC7-C090-1BA3-A61EC2A24D84}
		{3F9439D0-84A5-4D27-B7FD-3EA63C35001E} = {5D20AA90-6969-D8BD-9DCD-8634F4692FDA}
		{B0C7137D-6715-42CB-B384-2A391C7E8AF3} = {07C2787E-EAC7-C090-1BA3-A61EC2A24D84}
		{04F0216D-5F74-4901-BB64-97C32A0AC035} = {827E0CD3-B72D-47B6-A68D-7590B98EB39B}
		{CB88A51E-BE96-420B-B097-30D068784619} = {07C2787E-EAC7-C090-1BA3-A61EC2A24D84}
		{00E1D55B-E45B-4D5D-A754-EEE18A07C7D6} = {07C2787E-EAC7-C090-1BA3-A61EC2A24D84}
		{6CA1CCC0-1EDE-4CCE-A76B-CAA7F49D85FE} = {07C2787E-EAC7-C090-1BA3-A61EC2A24D84}
		{B65D3324-C8CA-46B3-B1E7-E76A308BB5CE} = {07C2787E-EAC7-C090-1BA3-A61EC2A24D84}
		{01425434-581D-43FC-BC0F-F3FFEB3419BB} = {5D20AA90-6969-D8BD-9DCD-8634F4692FDA}
		{37A31517-B6B4-4DC4-A7E7-CB4FF57DAB59} = {BE133D91-034E-1084-498B-FF24C4084A55}
		{8F2C4A1D-9B3E-4F6A-8D2C-1E5F7A9B3C6D} = {BE133D91-034E-1084-498B-FF24C4084A55}
		{2B7E5F91-4C3A-4D8E-9A1B-6F2D8C0E5A47} = {BE133D91-034E-1084-498B-FF24C4084A55}
		{5D8A1C63-7E2F-4B9D-A3C5-9F1E4B6D2A80} = {BE133D91-034E-1084-498B-FF24C4084A55}
		{A71EE222-E0D1-43CC-8478-767948AD4B89} = {827E0CD3-B72D-47B6-A68D-7590B98EB39B}
		{38D394F3-CAFC-4956-8564-93B50682815E} = {07C2787E-EAC7-C090-1BA3-A61EC2A24D84}
	EndGlobalSection
EndGlobal
